
Microsoft Visual Studio Solution File, Format Version 12.00
# Visual Studio Version 16
VisualStudioVersion = 16.0.31624.102
MinimumVisualStudioVersion = 10.0.40219.1
Project("{FAE04EC0-301F-11D3-BF4B-00C04F79EFBC}") = "T2008M_WAD", "WebApplication1\T2008M_WAD.csproj", "{A393101D-A9CC-4768-A07F-4FDCCC0E4005}"
EndProject
Global
	GlobalSection(SolutionConfigurationPlatforms) = preSolution
		Debug|Any CPU = Debug|Any CPU
		Release|Any CPU = Release|Any CPU
	EndGlobalSection
	GlobalSection(ProjectConfigurationPlatforms) = postSolution
		{A393101D-A9CC-4768-A07F-4FDCCC0E4005}.Debug|Any CPU.ActiveCfg = Debug|Any CPU
		{A393101D-A9CC-4768-A07F-4FDCCC0E4005}.Debug|Any CPU.Build.0 = Debug|Any CPU
		{A393101D-A9CC-4768-A07F-4FDCCC0E4005}.Release|Any CPU.ActiveCfg = Release|Any CPU
		{A393101D-A9CC-4768-A07F-4FDCCC0E4005}.Release|Any CPU.Build.0 = Release|Any CPU
	EndGlobalSection
	GlobalSection(SolutionProperties) = preSolution
		HideSolutionNode = FALSE
	EndGlobalSection
	GlobalSection(ExtensibilityGlobals) = postSolution
		SolutionGuid = {B5320C01-FC91-4AAC-BEBC-C84A9B0B5308}
	EndGlobalSection
EndGlobal
